
Microsoft Visual Studio Solution File, Format Version 12.00
# Visual Studio Version 17
VisualStudioVersion = 17.12.35707.178
MinimumVisualStudioVersion = 10.0.40219.1
Project("{FAE04EC0-301F-11D3-BF4B-00C04F79EFBC}") = "MathExpert", "MathExpert\MathExpert.csproj", "{40FB2D86-9BEA-4CB2-9C04-3F6960D0D0F2}"
EndProject
Project("{FAE04EC0-301F-11D3-BF4B-00C04F79EFBC}") = "MathExpertTest", "MathExpertTest\MathExpertTest.csproj", "{7811BC14-7C23-45A6-B400-B43B429615CD}"
EndProject
Project("{FAE04EC0-301F-11D3-BF4B-00C04F79EFBC}") = "MatheExpertNUnitTest", "MatheExpertNUnitTest\MatheExpertNUnitTest.csproj", "{B3C34644-B956-49CC-AF70-7D7EA314C01C}"
EndProject
Global
	GlobalSection(SolutionConfigurationPlatforms) = preSolution
		Debug|Any CPU = Debug|Any CPU
		Release|Any CPU = Release|Any CPU
	EndGlobalSection
	GlobalSection(ProjectConfigurationPlatforms) = postSolution
		{40FB2D86-9BEA-4CB2-9C04-3F6960D0D0F2}.Debug|Any CPU.ActiveCfg = Debug|Any CPU
		{40FB2D86-9BEA-4CB2-9C04-3F6960D0D0F2}.Debug|Any CPU.Build.0 = Debug|Any CPU
		{40FB2D86-9BEA-4CB2-9C04-3F6960D0D0F2}.Release|Any CPU.ActiveCfg = Release|Any CPU
		{40FB2D86-9BEA-4CB2-9C04-3F6960D0D0F2}.Release|Any CPU.Build.0 = Release|Any CPU
		{7811BC14-7C23-45A6-B400-B43B429615CD}.Debug|Any CPU.ActiveCfg = Debug|Any CPU
		{7811BC14-7C23-45A6-B400-B43B429615CD}.Debug|Any CPU.Build.0 = Debug|Any CPU
		{7811BC14-7C23-45A6-B400-B43B429615CD}.Release|Any CPU.ActiveCfg = Release|Any CPU
		{7811BC14-7C23-45A6-B400-B43B429615CD}.Release|Any CPU.Build.0 = Release|Any CPU
		{B3C34644-B956-49CC-AF70-7D7EA314C01C}.Debug|Any CPU.ActiveCfg = Debug|Any CPU
		{B3C34644-B956-49CC-AF70-7D7EA314C01C}.Debug|Any CPU.Build.0 = Debug|Any CPU
		{B3C34644-B956-49CC-AF70-7D7EA314C01C}.Release|Any CPU.ActiveCfg = Release|Any CPU
		{B3C34644-B956-49CC-AF70-7D7EA314C01C}.Release|Any CPU.Build.0 = Release|Any CPU
	EndGlobalSection
	GlobalSection(SolutionProperties) = preSolution
		HideSolutionNode = FALSE
	EndGlobalSection
	GlobalSection(ExtensibilityGlobals) = postSolution
		SolutionGuid = {C3CC5B39-DC43-468C-B3F5-AE5F1BEB08F8}
	EndGlobalSection
EndGlobal
